
Microsoft Visual Studio Solution File, Format Version 12.00
# Visual Studio Version 17
VisualStudioVersion = 17.8.34408.163
MinimumVisualStudioVersion = 10.0.40219.1
Project("{FAE04EC0-301F-11D3-BF4B-00C04F79EFBC}") = "Lab1", "Lab1.csproj", "{F4B47C00-E710-4226-BD55-08731F5AC8BD}"
EndProject
Global
	GlobalSection(SolutionConfigurationPlatforms) = preSolution
		Debug|Any CPU = Debug|Any CPU
		Release|Any CPU = Release|Any CPU
	EndGlobalSection
	GlobalSection(ProjectConfigurationPlatforms) = postSolution
		{F4B47C00-E710-4226-BD55-08731F5AC8BD}.Debug|Any CPU.ActiveCfg = Debug|Any CPU
		{F4B47C00-E710-4226-BD55-08731F5AC8BD}.Debug|Any CPU.Build.0 = Debug|Any CPU
		{F4B47C00-E710-4226-BD55-08731F5AC8BD}.Release|Any CPU.ActiveCfg = Release|Any CPU
		{F4B47C00-E710-4226-BD55-08731F5AC8BD}.Release|Any CPU.Build.0 = Release|Any CPU
	EndGlobalSection
	GlobalSection(SolutionProperties) = preSolution
		HideSolutionNode = FALSE
	EndGlobalSection
	GlobalSection(ExtensibilityGlobals) = postSolution
		SolutionGuid = {347003B1-C54B-483F-9D28-0E7B0702BDC7}
	EndGlobalSection
EndGlobal
